
Microsoft Visual Studio Solution File, Format Version 12.00
# Visual Studio Version 17
VisualStudioVersion = 17.11.35303.130
MinimumVisualStudioVersion = 10.0.40219.1
Project("{FAE04EC0-301F-11D3-BF4B-00C04F79EFBC}") = "lab5_1", "lab5_1\lab5_1.csproj", "{F4EC4CFC-BFFC-4D4B-97C6-B38D2198814D}"
EndProject
Project("{FAE04EC0-301F-11D3-BF4B-00C04F79EFBC}") = "lab5_2", "lab5_2\lab5_2.csproj", "{4FADF376-D663-4254-865C-5AEB65DCDD57}"
EndProject
Project("{FAE04EC0-301F-11D3-BF4B-00C04F79EFBC}") = "lab5_3", "lab5_3\lab5_3.csproj", "{FD9726F7-84CA-4CB3-AFB9-68A81DF1A234}"
EndProject
Global
	GlobalSection(SolutionConfigurationPlatforms) = preSolution
		Debug|Any CPU = Debug|Any CPU
		Release|Any CPU = Release|Any CPU
	EndGlobalSection
	GlobalSection(ProjectConfigurationPlatforms) = postSolution
		{F4EC4CFC-BFFC-4D4B-97C6-B38D2198814D}.Debug|Any CPU.ActiveCfg = Debug|Any CPU
		{F4EC4CFC-BFFC-4D4B-97C6-B38D2198814D}.Debug|Any CPU.Build.0 = Debug|Any CPU
		{F4EC4CFC-BFFC-4D4B-97C6-B38D2198814D}.Release|Any CPU.ActiveCfg = Release|Any CPU
		{F4EC4CFC-BFFC-4D4B-97C6-B38D2198814D}.Release|Any CPU.Build.0 = Release|Any CPU
		{4FADF376-D663-4254-865C-5AEB65DCDD57}.Debug|Any CPU.ActiveCfg = Debug|Any CPU
		{4FADF376-D663-4254-865C-5AEB65DCDD57}.Debug|Any CPU.Build.0 = Debug|Any CPU
		{4FADF376-D663-4254-865C-5AEB65DCDD57}.Release|Any CPU.ActiveCfg = Release|Any CPU
		{4FADF376-D663-4254-865C-5AEB65DCDD57}.Release|Any CPU.Build.0 = Release|Any CPU
		{FD9726F7-84CA-4CB3-AFB9-68A81DF1A234}.Debug|Any CPU.ActiveCfg = Debug|Any CPU
		{FD9726F7-84CA-4CB3-AFB9-68A81DF1A234}.Debug|Any CPU.Build.0 = Debug|Any CPU
		{FD9726F7-84CA-4CB3-AFB9-68A81DF1A234}.Release|Any CPU.ActiveCfg = Release|Any CPU
		{FD9726F7-84CA-4CB3-AFB9-68A81DF1A234}.Release|Any CPU.Build.0 = Release|Any CPU
	EndGlobalSection
	GlobalSection(SolutionProperties) = preSolution
		HideSolutionNode = FALSE
	EndGlobalSection
	GlobalSection(ExtensibilityGlobals) = postSolution
		SolutionGuid = {F582E740-DF39-45FC-83CB-A57F64CB07BA}
	EndGlobalSection
EndGlobal
